
Microsoft Visual Studio Solution File, Format Version 12.00
# Visual Studio 15
VisualStudioVersion = 15.0.26124.0
MinimumVisualStudioVersion = 15.0.26124.0
Project("{FAE04EC0-301F-11D3-BF4B-00C04F79EFBC}") = "Domain", "Domain\Domain.csproj", "{E4E3AD08-9993-4F5D-8CF6-A81F0333E27A}"
EndProject
Project("{FAE04EC0-301F-11D3-BF4B-00C04F79EFBC}") = "Application", "Application\Application.csproj", "{92F1CD01-3463-41F8-B924-2CD1F3D3BB92}"
EndProject
Project("{FAE04EC0-301F-11D3-BF4B-00C04F79EFBC}") = "Persistence", "Persistence\Persistence.csproj", "{524ADA5D-93CF-45EB-A71D-60008A76CA80}"
EndProject
Project("{FAE04EC0-301F-11D3-BF4B-00C04F79EFBC}") = "API", "API\API.csproj", "{B1E4FAF8-7B7A-467E-919A-C59334049393}"
EndProject
Global
	GlobalSection(SolutionConfigurationPlatforms) = preSolution
		Debug|Any CPU = Debug|Any CPU
		Debug|x64 = Debug|x64
		Debug|x86 = Debug|x86
		Release|Any CPU = Release|Any CPU
		Release|x64 = Release|x64
		Release|x86 = Release|x86
	EndGlobalSection
	GlobalSection(SolutionProperties) = preSolution
		HideSolutionNode = FALSE
	EndGlobalSection
	GlobalSection(ProjectConfigurationPlatforms) = postSolution
		{E4E3AD08-9993-4F5D-8CF6-A81F0333E27A}.Debug|Any CPU.ActiveCfg = Debug|Any CPU
		{E4E3AD08-9993-4F5D-8CF6-A81F0333E27A}.Debug|Any CPU.Build.0 = Debug|Any CPU
		{E4E3AD08-9993-4F5D-8CF6-A81F0333E27A}.Debug|x64.ActiveCfg = Debug|Any CPU
		{E4E3AD08-9993-4F5D-8CF6-A81F0333E27A}.Debug|x64.Build.0 = Debug|Any CPU
		{E4E3AD08-9993-4F5D-8CF6-A81F0333E27A}.Debug|x86.ActiveCfg = Debug|Any CPU
		{E4E3AD08-9993-4F5D-8CF6-A81F0333E27A}.Debug|x86.Build.0 = Debug|Any CPU
		{E4E3AD08-9993-4F5D-8CF6-A81F0333E27A}.Release|Any CPU.ActiveCfg = Release|Any CPU
		{E4E3AD08-9993-4F5D-8CF6-A81F0333E27A}.Release|Any CPU.Build.0 = Release|Any CPU
		{E4E3AD08-9993-4F5D-8CF6-A81F0333E27A}.Release|x64.ActiveCfg = Release|Any CPU
		{E4E3AD08-9993-4F5D-8CF6-A81F0333E27A}.Release|x64.Build.0 = Release|Any CPU
		{E4E3AD08-9993-4F5D-8CF6-A81F0333E27A}.Release|x86.ActiveCfg = Release|Any CPU
		{E4E3AD08-9993-4F5D-8CF6-A81F0333E27A}.Release|x86.Build.0 = Release|Any CPU
		{92F1CD01-3463-41F8-B924-2CD1F3D3BB92}.Debug|Any CPU.ActiveCfg = Debug|Any CPU
		{92F1CD01-3463-41F8-B924-2CD1F3D3BB92}.Debug|Any CPU.Build.0 = Debug|Any CPU
		{92F1CD01-3463-41F8-B924-2CD1F3D3BB92}.Debug|x64.ActiveCfg = Debug|Any CPU
		{92F1CD01-3463-41F8-B924-2CD1F3D3BB92}.Debug|x64.Build.0 = Debug|Any CPU
		{92F1CD01-3463-41F8-B924-2CD1F3D3BB92}.Debug|x86.ActiveCfg = Debug|Any CPU
		{92F1CD01-3463-41F8-B924-2CD1F3D3BB92}.Debug|x86.Build.0 = Debug|Any CPU
		{92F1CD01-3463-41F8-B924-2CD1F3D3BB92}.Release|Any CPU.ActiveCfg = Release|Any CPU
		{92F1CD01-3463-41F8-B924-2CD1F3D3BB92}.Release|Any CPU.Build.0 = Release|Any CPU
		{92F1CD01-3463-41F8-B924-2CD1F3D3BB92}.Release|x64.ActiveCfg = Release|Any CPU
		{92F1CD01-3463-41F8-B924-2CD1F3D3BB92}.Release|x64.Build.0 = Release|Any CPU
		{92F1CD01-3463-41F8-B924-2CD1F3D3BB92}.Release|x86.ActiveCfg = Release|Any CPU
		{92F1CD01-3463-41F8-B924-2CD1F3D3BB92}.Release|x86.Build.0 = Release|Any CPU
		{524ADA5D-93CF-45EB-A71D-60008A76CA80}.Debug|Any CPU.ActiveCfg = Debug|Any CPU
		{524ADA5D-93CF-45EB-A71D-60008A76CA80}.Debug|Any CPU.Build.0 = Debug|Any CPU
		{524ADA5D-93CF-45EB-A71D-60008A76CA80}.Debug|x64.ActiveCfg = Debug|Any CPU
		{524ADA5D-93CF-45EB-A71D-60008A76CA80}.Debug|x64.Build.0 = Debug|Any CPU
		{524ADA5D-93CF-45EB-A71D-60008A76CA80}.Debug|x86.ActiveCfg = Debug|Any CPU
		{524ADA5D-93CF-45EB-A71D-60008A76CA80}.Debug|x86.Build.0 = Debug|Any CPU
		{524ADA5D-93CF-45EB-A71D-60008A76CA80}.Release|Any CPU.ActiveCfg = Release|Any CPU
		{524ADA5D-93CF-45EB-A71D-60008A76CA80}.Release|Any CPU.Build.0 = Release|Any CPU
		{524ADA5D-93CF-45EB-A71D-60008A76CA80}.Release|x64.ActiveCfg = Release|Any CPU
		{524ADA5D-93CF-45EB-A71D-60008A76CA80}.Release|x64.Build.0 = Release|Any CPU
		{524ADA5D-93CF-45EB-A71D-60008A76CA80}.Release|x86.ActiveCfg = Release|Any CPU
		{524ADA5D-93CF-45EB-A71D-60008A76CA80}.Release|x86.Build.0 = Release|Any CPU
		{B1E4FAF8-7B7A-467E-919A-C59334049393}.Debug|Any CPU.ActiveCfg = Debug|Any CPU
		{B1E4FAF8-7B7A-467E-919A-C59334049393}.Debug|Any CPU.Build.0 = Debug|Any CPU
		{B1E4FAF8-7B7A-467E-919A-C59334049393}.Debug|x64.ActiveCfg = Debug|Any CPU
		{B1E4FAF8-7B7A-467E-919A-C59334049393}.Debug|x64.Build.0 = Debug|Any CPU
		{B1E4FAF8-7B7A-467E-919A-C59334049393}.Debug|x86.ActiveCfg = Debug|Any CPU
		{B1E4FAF8-7B7A-467E-919A-C59334049393}.Debug|x86.Build.0 = Debug|Any CPU
		{B1E4FAF8-7B7A-467E-919A-C59334049393}.Release|Any CPU.ActiveCfg = Release|Any CPU
		{B1E4FAF8-7B7A-467E-919A-C59334049393}.Release|Any CPU.Build.0 = Release|Any CPU
		{B1E4FAF8-7B7A-467E-919A-C59334049393}.Release|x64.ActiveCfg = Release|Any CPU
		{B1E4FAF8-7B7A-467E-919A-C59334049393}.Release|x64.Build.0 = Release|Any CPU
		{B1E4FAF8-7B7A-467E-919A-C59334049393}.Release|x86.ActiveCfg = Release|Any CPU
		{B1E4FAF8-7B7A-467E-919A-C59334049393}.Release|x86.Build.0 = Release|Any CPU
	EndGlobalSection
EndGlobal
